
Microsoft Visual Studio Solution File, Format Version 12.00
# Visual Studio Version 17
VisualStudioVersion = 17.12.35707.178 d17.12
MinimumVisualStudioVersion = 10.0.40219.1
Project("{8BC9CEB8-8B4A-11D0-8D11-00A0C91BC942}") = "System_programming_Kotkov", "System_programming_Kotkov\System_programming_Kotkov.vcxproj", "{B2F97081-2AC1-4329-8386-FE4EDE301041}"
EndProject
Project("{FAE04EC0-301F-11D3-BF4B-00C04F79EFBC}") = "Sharp_system_Kotkov", "Sharp_system_Kotkov\Sharp_system_Kotkov.csproj", "{F5A5F710-E70F-4494-872E-C5D03D85692E}"
EndProject
Global
	GlobalSection(SolutionConfigurationPlatforms) = preSolution
		Debug|Any CPU = Debug|Any CPU
		Debug|x64 = Debug|x64
		Debug|x86 = Debug|x86
		Release|Any CPU = Release|Any CPU
		Release|x64 = Release|x64
		Release|x86 = Release|x86
	EndGlobalSection
	GlobalSection(ProjectConfigurationPlatforms) = postSolution
		{B2F97081-2AC1-4329-8386-FE4EDE301041}.Debug|Any CPU.ActiveCfg = Debug|x64
		{B2F97081-2AC1-4329-8386-FE4EDE301041}.Debug|Any CPU.Build.0 = Debug|x64
		{B2F97081-2AC1-4329-8386-FE4EDE301041}.Debug|x64.ActiveCfg = Debug|x64
		{B2F97081-2AC1-4329-8386-FE4EDE301041}.Debug|x64.Build.0 = Debug|x64
		{B2F97081-2AC1-4329-8386-FE4EDE301041}.Debug|x86.ActiveCfg = Debug|Win32
		{B2F97081-2AC1-4329-8386-FE4EDE301041}.Debug|x86.Build.0 = Debug|Win32
		{B2F97081-2AC1-4329-8386-FE4EDE301041}.Release|Any CPU.ActiveCfg = Release|x64
		{B2F97081-2AC1-4329-8386-FE4EDE301041}.Release|Any CPU.Build.0 = Release|x64
		{B2F97081-2AC1-4329-8386-FE4EDE301041}.Release|x64.ActiveCfg = Release|x64
		{B2F97081-2AC1-4329-8386-FE4EDE301041}.Release|x64.Build.0 = Release|x64
		{B2F97081-2AC1-4329-8386-FE4EDE301041}.Release|x86.ActiveCfg = Release|Win32
		{B2F97081-2AC1-4329-8386-FE4EDE301041}.Release|x86.Build.0 = Release|Win32
		{F5A5F710-E70F-4494-872E-C5D03D85692E}.Debug|Any CPU.ActiveCfg = Debug|Any CPU
		{F5A5F710-E70F-4494-872E-C5D03D85692E}.Debug|Any CPU.Build.0 = Debug|Any CPU
		{F5A5F710-E70F-4494-872E-C5D03D85692E}.Debug|x64.ActiveCfg = Debug|Any CPU
		{F5A5F710-E70F-4494-872E-C5D03D85692E}.Debug|x64.Build.0 = Debug|Any CPU
		{F5A5F710-E70F-4494-872E-C5D03D85692E}.Debug|x86.ActiveCfg = Debug|Any CPU
		{F5A5F710-E70F-4494-872E-C5D03D85692E}.Debug|x86.Build.0 = Debug|Any CPU
		{F5A5F710-E70F-4494-872E-C5D03D85692E}.Release|Any CPU.ActiveCfg = Release|Any CPU
		{F5A5F710-E70F-4494-872E-C5D03D85692E}.Release|Any CPU.Build.0 = Release|Any CPU
		{F5A5F710-E70F-4494-872E-C5D03D85692E}.Release|x64.ActiveCfg = Release|Any CPU
		{F5A5F710-E70F-4494-872E-C5D03D85692E}.Release|x64.Build.0 = Release|Any CPU
		{F5A5F710-E70F-4494-872E-C5D03D85692E}.Release|x86.ActiveCfg = Release|Any CPU
		{F5A5F710-E70F-4494-872E-C5D03D85692E}.Release|x86.Build.0 = Release|Any CPU
	EndGlobalSection
	GlobalSection(SolutionProperties) = preSolution
		HideSolutionNode = FALSE
	EndGlobalSection
EndGlobal
